{
    "_readme": [
        "This file locks the dependencies of your project to a known state",
        "Read more about it at https://getcomposer.org/doc/01-basic-usage.md#installing-dependencies",
        "This file is @generated automatically"
    ],
    "content-hash": "1d13e5ae78a432f96ff297e7fea8d711",
    "packages": [],
    "packages-dev": [],
    "aliases": [],
    "minimum-stability": "stable",
    "stability-flags": [],
    "prefer-stable": false,
    "prefer-lowest": false,
    "platform": {
        "php": "^7.3",
        "ext-ctype": "*",
        "ext-iconv": "*",
        "ext-json": "*",
        "ext-openssl": "*",
        "ext-soap": "*",
        "ext-sodium": "*"
    },
    "platform-dev": []
}
